
Microsoft Visual Studio Solution File, Format Version 12.00
# Visual Studio 2013
VisualStudioVersion = 12.0.31101.0
MinimumVisualStudioVersion = 10.0.40219.1
Project("{FAE04EC0-301F-11D3-BF4B-00C04F79EFBC}") = "Flexberrybooksclub.Objects", "../../src/Flexberrybooksclub/Objects/Flexberrybooksclub.Objects.csproj", "{95998BBE-D58B-4D97-8D16-0B3CE65D8E18}"
EndProject
Project("{FAE04EC0-301F-11D3-BF4B-00C04F79EFBC}") = "Flexberrybooksclub.ODataBackend", "../../src/Flexberrybooksclub/ODataBackend/Flexberrybooksclub.ODataBackend.csproj", "{B2D8318D-53E6-463D-B71D-F44A649415FF}"
EndProject
Global
	GlobalSection(SolutionConfigurationPlatforms) = preSolution
Debug|Any CPU = Debug|Any CPU
Release|Any CPU = Release|Any CPU
	EndGlobalSection
	GlobalSection(ProjectConfigurationPlatforms) = postSolution
		{95998BBE-D58B-4D97-8D16-0B3CE65D8E18}.Debug|Any CPU.ActiveCfg = Debug|Any CPU
		{95998BBE-D58B-4D97-8D16-0B3CE65D8E18}.Debug|Any CPU.Build.0 = Debug|Any CPU
		{95998BBE-D58B-4D97-8D16-0B3CE65D8E18}.Release|Any CPU.ActiveCfg = Release|Any CPU
		{95998BBE-D58B-4D97-8D16-0B3CE65D8E18}.Release|Any CPU.Build.0 = Release|Any CPU
		{B2D8318D-53E6-463D-B71D-F44A649415FF}.Debug|Any CPU.ActiveCfg = Debug|Any CPU
		{B2D8318D-53E6-463D-B71D-F44A649415FF}.Debug|Any CPU.Build.0 = Debug|Any CPU
		{B2D8318D-53E6-463D-B71D-F44A649415FF}.Release|Any CPU.ActiveCfg = Release|Any CPU
		{B2D8318D-53E6-463D-B71D-F44A649415FF}.Release|Any CPU.Build.0 = Release|Any CPU
	EndGlobalSection
	GlobalSection(SolutionProperties) = preSolution
		HideSolutionNode = FALSE
	EndGlobalSection
EndGlobal
